
Microsoft Visual Studio Solution File, Format Version 12.00
# Visual Studio Version 17
VisualStudioVersion = 17.14.36915.13 d17.14
MinimumVisualStudioVersion = 10.0.40219.1
Project("{FAE04EC0-301F-11D3-BF4B-00C04F79EFBC}") = "Observer DP", "Observer DP\Observer DP.csproj", "{ACC2DB4B-5358-4DB2-9A61-4C2A08CC9819}"
EndProject
Global
	GlobalSection(SolutionConfigurationPlatforms) = preSolution
		Debug|Any CPU = Debug|Any CPU
		Release|Any CPU = Release|Any CPU
	EndGlobalSection
	GlobalSection(ProjectConfigurationPlatforms) = postSolution
		{ACC2DB4B-5358-4DB2-9A61-4C2A08CC9819}.Debug|Any CPU.ActiveCfg = Debug|Any CPU
		{ACC2DB4B-5358-4DB2-9A61-4C2A08CC9819}.Debug|Any CPU.Build.0 = Debug|Any CPU
		{ACC2DB4B-5358-4DB2-9A61-4C2A08CC9819}.Release|Any CPU.ActiveCfg = Release|Any CPU
		{ACC2DB4B-5358-4DB2-9A61-4C2A08CC9819}.Release|Any CPU.Build.0 = Release|Any CPU
	EndGlobalSection
	GlobalSection(SolutionProperties) = preSolution
		HideSolutionNode = FALSE
	EndGlobalSection
	GlobalSection(ExtensibilityGlobals) = postSolution
		SolutionGuid = {1DD4360E-C966-44BE-8203-5B48A3DE7A28}
	EndGlobalSection
EndGlobal
